// !$*UTF8*$!
{
	archiveVersion = 1;
	classes = {
	};
	objectVersion = 46;
	objects = {

/* Begin PBXBuildFile section */
		D2EA1D671CE04D65008AB34F /* AppDelegate.swift in Sources */ = {isa = PBXBuildFile; fileRef = D2EA1D661CE04D65008AB34F /* AppDelegate.swift */; };
		D2EA1D691CE04D65008AB34F /* ViewController.swift in Sources */ = {isa = PBXBuildFile; fileRef = D2EA1D681CE04D65008AB34F /* ViewController.swift */; };
		D2EA1D6C1CE04D65008AB34F /* Main.storyboard in Resources */ = {isa = PBXBuildFile; fileRef = D2EA1D6A1CE04D65008AB34F /* Main.storyboard */; };
		D2EA1D6E1CE04D65008AB34F /* Assets.xcassets in Resources */ = {isa = PBXBuildFile; fileRef = D2EA1D6D1CE04D65008AB34F /* Assets.xcassets */; };
		D2EA1D711CE04D65008AB34F /* LaunchScreen.storyboard in Resources */ = {isa = PBXBuildFile; fileRef = D2EA1D6F1CE04D65008AB34F /* LaunchScreen.storyboard */; };
		D2EA1D7C1CE04D65008AB34F /* CalculatorTests.swift in Sources */ = {isa = PBXBuildFile; fileRef = D2EA1D7B1CE04D65008AB34F /* CalculatorTests.swift */; };
		D2EA1D871CE04D65008AB34F /* CalculatorUITests.swift in Sources */ = {isa = PBXBuildFile; fileRef = D2EA1D861CE04D65008AB34F /* CalculatorUITests.swift */; };
		D2F1F3701CE064B900D26A0D /* CalculatorBrain.swift in Sources */ = {isa = PBXBuildFile; fileRef = D2F1F36F1CE064B900D26A0D /* CalculatorBrain.swift */; };
/* End PBXBuildFile section */

/* Begin PBXContainerItemProxy section */
		D2EA1D781CE04D65008AB34F /* PBXContainerItemProxy */ = {
			isa = PBXContainerItemProxy;
			containerPortal = D2EA1D5B1CE04D65008AB34F /* Project object */;
			proxyType = 1;
			remoteGlobalIDString = D2EA1D621CE04D65008AB34F;
			remoteInfo = Calculator;
		};
		D2EA1D831CE04D65008AB34F /* PBXContainerItemProxy */ = {
			isa = PBXContainerItemProxy;
			containerPortal = D2EA1D5B1CE04D65008AB34F /* Project object */;
			proxyType = 1;
			remoteGlobalIDString = D2EA1D621CE04D65008AB34F;
			remoteInfo = Calculator;
		};
/* End PBXContainerItemProxy section */

/* Begin PBXFileReference section */
		D2EA1D631CE04D65008AB34F /* Calculator.app */ = {isa = PBXFileReference; explicitFileType = wrapper.application; includeInIndex = 0; path = Calculator.app; sourceTree = BUILT_PRODUCTS_DIR; };
		D2EA1D661CE04D65008AB34F /* AppDelegate.swift */ = {isa = PBXFileReference; lastKnownFileType = sourcecode.swift; path = AppDelegate.swift; sourceTree = "<group>"; };
		D2EA1D681CE04D65008AB34F /* ViewController.swift */ = {isa = PBXFileReference; lastKnownFileType = sourcecode.swift; path = ViewController.swift; sourceTree = "<group>"; };
		D2EA1D6B1CE04D65008AB34F /* Base */ = {isa = PBXFileReference; lastKnownFileType = file.storyboard; name = Base; path = Base.lproj/Main.storyboard; sourceTree = "<group>"; };
		D2EA1D6D1CE04D65008AB34F /* Assets.xcassets */ = {isa = PBXFileReference; lastKnownFileType = folder.assetcatalog; path = Assets.xcassets; sourceTree = "<group>"; };
		D2EA1D701CE04D65008AB34F /* Base */ = {isa = PBXFileReference; lastKnownFileType = file.storyboard; name = Base; path = Base.lproj/LaunchScreen.storyboard; sourceTree = "<group>"; };
		D2EA1D721CE04D65008AB34F /* Info.plist */ = {isa = PBXFileReference; lastKnownFileType = text.plist.xml; path = Info.plist; sourceTree = "<group>"; };
		D2EA1D771CE04D65008AB34F /* CalculatorTests.xctest */ = {isa = PBXFileReference; explicitFileType = wrapper.cfbundle; includeInIndex = 0; path = CalculatorTests.xctest; sourceTree = BUILT_PRODUCTS_DIR; };
		D2EA1D7B1CE04D65008AB34F /* CalculatorTests.swift */ = {isa = PBXFileReference; lastKnownFileType = sourcecode.swift; path = CalculatorTests.swift; sourceTree = "<group>"; };
		D2EA1D7D1CE04D65008AB34F /* Info.plist */ = {isa = PBXFileReference; lastKnownFileType = text.plist.xml; path = Info.plist; sourceTree = "<group>"; };
		D2EA1D821CE04D65008AB34F /* CalculatorUITests.xctest */ = {isa = PBXFileReference; explicitFileType = wrapper.cfbundle; includeInIndex = 0; path = CalculatorUITests.xctest; sourceTree = BUILT_PRODUCTS_DIR; };
		D2EA1D861CE04D65008AB34F /* CalculatorUITests.swift */ = {isa = PBXFileReference; lastKnownFileType = sourcecode.swift; path = CalculatorUITests.swift; sourceTree = "<group>"; };
		D2EA1D881CE04D65008AB34F /* Info.plist */ = {isa = PBXFileReference; lastKnownFileType = text.plist.xml; path = Info.plist; sourceTree = "<group>"; };
		D2F1F36F1CE064B900D26A0D /* CalculatorBrain.swift */ = {isa = PBXFileReference; fileEncoding = 4; lastKnownFileType = sourcecode.swift; path = CalculatorBrain.swift; sourceTree = "<group>"; };
/* End PBXFileReference section */

/* Begin PBXFrameworksBuildPhase section */
		D2EA1D601CE04D65008AB34F /* Frameworks */ = {
			isa = PBXFrameworksBuildPhase;
			buildActionMask = 2147483647;
			files = (
			);
			runOnlyForDeploymentPostprocessing = 0;
		};
		D2EA1D741CE04D65008AB34F /* Frameworks */ = {
			isa = PBXFrameworksBuildPhase;
			buildActionMask = 2147483647;
			files = (
			);
			runOnlyForDeploymentPostprocessing = 0;
		};
		D2EA1D7F1CE04D65008AB34F /* Frameworks */ = {
			isa = PBXFrameworksBuildPhase;
			buildActionMask = 2147483647;
			files = (
			);
			runOnlyForDeploymentPostprocessing = 0;
		};
/* End PBXFrameworksBuildPhase section */

/* Begin PBXGroup section */
		D2EA1D5A1CE04D65008AB34F = {
			isa = PBXGroup;
			children = (
				D2EA1D651CE04D65008AB34F /* Calculator */,
				D2EA1D7A1CE04D65008AB34F /* CalculatorTests */,
				D2EA1D851CE04D65008AB34F /* CalculatorUITests */,
				D2EA1D641CE04D65008AB34F /* Products */,
			);
			sourceTree = "<group>";
		};
		D2EA1D641CE04D65008AB34F /* Products */ = {
			isa = PBXGroup;
			children = (
				D2EA1D631CE04D65008AB34F /* Calculator.app */,
				D2EA1D771CE04D65008AB34F /* CalculatorTests.xctest */,
				D2EA1D821CE04D65008AB34F /* CalculatorUITests.xctest */,
			);
			name = Products;
			sourceTree = "<group>";
		};
		D2EA1D651CE04D65008AB34F /* Calculator */ = {
			isa = PBXGroup;
			children = (
				D2EA1D681CE04D65008AB34F /* ViewController.swift */,
				D2F1F36F1CE064B900D26A0D /* CalculatorBrain.swift */,
				D2EA1D6A1CE04D65008AB34F /* Main.storyboard */,
				D2EA1D941CE04FC3008AB34F /* Supporting Files */,
			);
			path = Calculator;
			sourceTree = "<group>";
		};
		D2EA1D7A1CE04D65008AB34F /* CalculatorTests */ = {
			isa = PBXGroup;
			children = (
				D2EA1D7B1CE04D65008AB34F /* CalculatorTests.swift */,
				D2EA1D7D1CE04D65008AB34F /* Info.plist */,
			);
			path = CalculatorTests;
			sourceTree = "<group>";
		};
		D2EA1D851CE04D65008AB34F /* CalculatorUITests */ = {
			isa = PBXGroup;
			children = (
				D2EA1D861CE04D65008AB34F /* CalculatorUITests.swift */,
				D2EA1D881CE04D65008AB34F /* Info.plist */,
			);
			path = CalculatorUITests;
			sourceTree = "<group>";
		};
		D2EA1D941CE04FC3008AB34F /* Supporting Files */ = {
			isa = PBXGroup;
			children = (
				D2EA1D661CE04D65008AB34F /* AppDelegate.swift */,
				D2EA1D6D1CE04D65008AB34F /* Assets.xcassets */,
				D2EA1D6F1CE04D65008AB34F /* LaunchScreen.storyboard */,
				D2EA1D721CE04D65008AB34F /* Info.plist */,
			);
			name = "Supporting Files";
			sourceTree = "<group>";
		};
/* End PBXGroup section */

/* Begin PBXNativeTarget section */
		D2EA1D621CE04D65008AB34F /* Calculator */ = {
			isa = PBXNativeTarget;
			buildConfigurationList = D2EA1D8B1CE04D65008AB34F /* Build configuration list for PBXNativeTarget "Calculator" */;
			buildPhases = (
				D2EA1D5F1CE04D65008AB34F /* Sources */,
				D2EA1D601CE04D65008AB34F /* Frameworks */,
				D2EA1D611CE04D65008AB34F /* Resources */,
			);
			buildRules = (
			);
			dependencies = (
			);
			name = Calculator;
			productName = Calculator;
			productReference = D2EA1D631CE04D65008AB34F /* Calculator.app */;
			productType = "com.apple.product-type.application";
		};
		D2EA1D761CE04D65008AB34F /* CalculatorTests */ = {
			isa = PBXNativeTarget;
			buildConfigurationList = D2EA1D8E1CE04D65008AB34F /* Build configuration list for PBXNativeTarget "CalculatorTests" */;
			buildPhases = (
				D2EA1D731CE04D65008AB34F /* Sources */,
				D2EA1D741CE04D65008AB34F /* Frameworks */,
				D2EA1D751CE04D65008AB34F /* Resources */,
			);
			buildRules = (
			);
			dependencies = (
				D2EA1D791CE04D65008AB34F /* PBXTargetDependency */,
			);
			name = CalculatorTests;
			productName = CalculatorTests;
			productReference = D2EA1D771CE04D65008AB34F /* CalculatorTests.xctest */;
			productType = "com.apple.product-type.bundle.unit-test";
		};
		D2EA1D811CE04D65008AB34F /* CalculatorUITests */ = {
			isa = PBXNativeTarget;
			buildConfigurationList = D2EA1D911CE04D65008AB34F /* Build configuration list for PBXNativeTarget "CalculatorUITests" */;
			buildPhases = (
				D2EA1D7E1CE04D65008AB34F /* Sources */,
				D2EA1D7F1CE04D65008AB34F /* Frameworks */,
				D2EA1D801CE04D65008AB34F /* Resources */,
			);
			buildRules = (
			);
			dependencies = (
				D2EA1D841CE04D65008AB34F /* PBXTargetDependency */,
			);
			name = CalculatorUITests;
			productName = CalculatorUITests;
			productReference = D2EA1D821CE04D65008AB34F /* CalculatorUITests.xctest */;
			productType = "com.apple.product-type.bundle.ui-testing";
		};
/* End PBXNativeTarget section */

/* Begin PBXProject section */
		D2EA1D5B1CE04D65008AB34F /* Project object */ = {
			isa = PBXProject;
			attributes = {
				LastSwiftUpdateCheck = 0730;
				LastUpgradeCheck = 0730;
				ORGANIZATIONNAME = "Scott Moen";
				TargetAttributes = {
					D2EA1D621CE04D65008AB34F = {
						CreatedOnToolsVersion = 7.3;
						DevelopmentTeam = 2T7T6973FR;
					};
					D2EA1D761CE04D65008AB34F = {
						CreatedOnToolsVersion = 7.3;
						DevelopmentTeam = 2T7T6973FR;
						TestTargetID = D2EA1D621CE04D65008AB34F;
					};
					D2EA1D811CE04D65008AB34F = {
						CreatedOnToolsVersion = 7.3;
						DevelopmentTeam = 2T7T6973FR;
						TestTargetID = D2EA1D621CE04D65008AB34F;
					};
				};
			};
			buildConfigurationList = D2EA1D5E1CE04D65008AB34F /* Build configuration list for PBXProject "Calculator" */;
			compatibilityVersion = "Xcode 3.2";
			developmentRegion = English;
			hasScannedForEncodings = 0;
			knownRegions = (
				en,
				Base,
			);
			mainGroup = D2EA1D5A1CE04D65008AB34F;
			productRefGroup = D2EA1D641CE04D65008AB34F /* Products */;
			projectDirPath = "";
			projectRoot = "";
			targets = (
				D2EA1D621CE04D65008AB34F /* Calculator */,
				D2EA1D761CE04D65008AB34F /* CalculatorTests */,
				D2EA1D811CE04D65008AB34F /* CalculatorUITests */,
			);
		};
/* End PBXProject section */

/* Begin PBXResourcesBuildPhase section */
		D2EA1D611CE04D65008AB34F /* Resources */ = {
			isa = PBXResourcesBuildPhase;
			buildActionMask = 2147483647;
			files = (
				D2EA1D711CE04D65008AB34F /* LaunchScreen.storyboard in Resources */,
				D2EA1D6E1CE04D65008AB34F /* Assets.xcassets in Resources */,
				D2EA1D6C1CE04D65008AB34F /* Main.storyboard in Resources */,
			);
			runOnlyForDeploymentPostprocessing = 0;
		};
		D2EA1D751CE04D65008AB34F /* Resources */ = {
			isa = PBXResourcesBuildPhase;
			buildActionMask = 2147483647;
			files = (
			);
			runOnlyForDeploymentPostprocessing = 0;
		};
		D2EA1D801CE04D65008AB34F /* Resources */ = {
			isa = PBXResourcesBuildPhase;
			buildActionMask = 2147483647;
			files = (
			);
			runOnlyForDeploymentPostprocessing = 0;
		};
/* End PBXResourcesBuildPhase section */

/* Begin PBXSourcesBuildPhase section */
		D2EA1D5F1CE04D65008AB34F /* Sources */ = {
			isa = PBXSourcesBuildPhase;
			buildActionMask = 2147483647;
			files = (
				D2F1F3701CE064B900D26A0D /* CalculatorBrain.swift in Sources */,
				D2EA1D691CE04D65008AB34F /* ViewController.swift in Sources */,
				D2EA1D671CE04D65008AB34F /* AppDelegate.swift in Sources */,
			);
			runOnlyForDeploymentPostprocessing = 0;
		};
		D2EA1D731CE04D65008AB34F /* Sources */ = {
			isa = PBXSourcesBuildPhase;
			buildActionMask = 2147483647;
			files = (
				D2EA1D7C1CE04D65008AB34F /* CalculatorTests.swift in Sources */,
			);
			runOnlyForDeploymentPostprocessing = 0;
		};
		D2EA1D7E1CE04D65008AB34F /* Sources */ = {
			isa = PBXSourcesBuildPhase;
			buildActionMask = 2147483647;
			files = (
				D2EA1D871CE04D65008AB34F /* CalculatorUITests.swift in Sources */,
			);
			runOnlyForDeploymentPostprocessing = 0;
		};
/* End PBXSourcesBuildPhase section */

/* Begin PBXTargetDependency section */
		D2EA1D791CE04D65008AB34F /* PBXTargetDependency */ = {
			isa = PBXTargetDependency;
			target = D2EA1D621CE04D65008AB34F /* Calculator */;
			targetProxy = D2EA1D781CE04D65008AB34F /* PBXContainerItemProxy */;
		};
		D2EA1D841CE04D65008AB34F /* PBXTargetDependency */ = {
			isa = PBXTargetDependency;
			target = D2EA1D621CE04D65008AB34F /* Calculator */;
			targetProxy = D2EA1D831CE04D65008AB34F /* PBXContainerItemProxy */;
		};
/* End PBXTargetDependency section */

/* Begin PBXVariantGroup section */
		D2EA1D6A1CE04D65008AB34F /* Main.storyboard */ = {
			isa = PBXVariantGroup;
			children = (
				D2EA1D6B1CE04D65008AB34F /* Base */,
			);
			name = Main.storyboard;
			sourceTree = "<group>";
		};
		D2EA1D6F1CE04D65008AB34F /* LaunchScreen.storyboard */ = {
			isa = PBXVariantGroup;
			children = (
				D2EA1D701CE04D65008AB34F /* Base */,
			);
			name = LaunchScreen.storyboard;
			sourceTree = "<group>";
		};
/* End PBXVariantGroup section */

/* Begin XCBuildConfiguration section */
		D2EA1D891CE04D65008AB34F /* Debug */ = {
			isa = XCBuildConfiguration;
			buildSettings = {
				ALWAYS_SEARCH_USER_PATHS = NO;
				CLANG_ANALYZER_NONNULL = YES;
				CLANG_CXX_LANGUAGE_STANDARD = "gnu++0x";
				CLANG_CXX_LIBRARY = "libc++";
				CLANG_ENABLE_MODULES = YES;
				CLANG_ENABLE_OBJC_ARC = YES;
				CLANG_WARN_BOOL_CONVERSION = YES;
				CLANG_WARN_CONSTANT_CONVERSION = YES;
				CLANG_WARN_DIRECT_OBJC_ISA_USAGE = YES_ERROR;
				CLANG_WARN_EMPTY_BODY = YES;
				CLANG_WARN_ENUM_CONVERSION = YES;
				CLANG_WARN_INT_CONVERSION = YES;
				CLANG_WARN_OBJC_ROOT_CLASS = YES_ERROR;
				CLANG_WARN_UNREACHABLE_CODE = YES;
				CLANG_WARN__DUPLICATE_METHOD_MATCH = YES;
				"CODE_SIGN_IDENTITY[sdk=iphoneos*]" = "iPhone Developer";
				COPY_PHASE_STRIP = NO;
				DEBUG_INFORMATION_FORMAT = dwarf;
				ENABLE_STRICT_OBJC_MSGSEND = YES;
				ENABLE_TESTABILITY = YES;
				GCC_C_LANGUAGE_STANDARD = gnu99;
				GCC_DYNAMIC_NO_PIC = NO;
				GCC_NO_COMMON_BLOCKS = YES;
				GCC_OPTIMIZATION_LEVEL = 0;
				GCC_PREPROCESSOR_DEFINITIONS = (
					"DEBUG=1",
					"$(inherited)",
				);
				GCC_WARN_64_TO_32_BIT_CONVERSION = YES;
				GCC_WARN_ABOUT_RETURN_TYPE = YES_ERROR;
				GCC_WARN_UNDECLARED_SELECTOR = YES;
				GCC_WARN_UNINITIALIZED_AUTOS = YES_AGGRESSIVE;
				GCC_WARN_UNUSED_FUNCTION = YES;
				GCC_WARN_UNUSED_VARIABLE = YES;
				IPHONEOS_DEPLOYMENT_TARGET = 9.3;
				MTL_ENABLE_DEBUG_INFO = YES;
				ONLY_ACTIVE_ARCH = YES;
				SDKROOT = iphoneos;
				SWIFT_OPTIMIZATION_LEVEL = "-Onone";
				TARGETED_DEVICE_FAMILY = "1,2";
			};
			name = Debug;
		};
		D2EA1D8A1CE04D65008AB34F /* Release */ = {
			isa = XCBuildConfiguration;
			buildSettings = {
				ALWAYS_SEARCH_USER_PATHS = NO;
				CLANG_ANALYZER_NONNULL = YES;
				CLANG_CXX_LANGUAGE_STANDARD = "gnu++0x";
				CLANG_CXX_LIBRARY = "libc++";
				CLANG_ENABLE_MODULES = YES;
				CLANG_ENABLE_OBJC_ARC = YES;
				CLANG_WARN_BOOL_CONVERSION = YES;
				CLANG_WARN_CONSTANT_CONVERSION = YES;
				CLANG_WARN_DIRECT_OBJC_ISA_USAGE = YES_ERROR;
				CLANG_WARN_EMPTY_BODY = YES;
				CLANG_WARN_ENUM_CONVERSION = YES;
				CLANG_WARN_INT_CONVERSION = YES;
				CLANG_WARN_OBJC_ROOT_CLASS = YES_ERROR;
				CLANG_WARN_UNREACHABLE_CODE = YES;
				CLANG_WARN__DUPLICATE_METHOD_MATCH = YES;
				"CODE_SIGN_IDENTITY[sdk=iphoneos*]" = "iPhone Developer";
				COPY_PHASE_STRIP = NO;
				DEBUG_INFORMATION_FORMAT = "dwarf-with-dsym";
				ENABLE_NS_ASSERTIONS = NO;
				ENABLE_STRICT_OBJC_MSGSEND = YES;
				GCC_C_LANGUAGE_STANDARD = gnu99;
				GCC_NO_COMMON_BLOCKS = YES;
				GCC_WARN_64_TO_32_BIT_CONVERSION = YES;
				GCC_WARN_ABOUT_RETURN_TYPE = YES_ERROR;
				GCC_WARN_UNDECLARED_SELECTOR = YES;
				GCC_WARN_UNINITIALIZED_AUTOS = YES_AGGRESSIVE;
				GCC_WARN_UNUSED_FUNCTION = YES;
				GCC_WARN_UNUSED_VARIABLE = YES;
				IPHONEOS_DEPLOYMENT_TARGET = 9.3;
				MTL_ENABLE_DEBUG_INFO = NO;
				SDKROOT = iphoneos;
				TARGETED_DEVICE_FAMILY = "1,2";
				VALIDATE_PRODUCT = YES;
			};
			name = Release;
		};
		D2EA1D8C1CE04D65008AB34F /* Debug */ = {
			isa = XCBuildConfiguration;
			buildSettings = {
				ASSETCATALOG_COMPILER_APPICON_NAME = AppIcon;
				INFOPLIST_FILE = Calculator/Info.plist;
				LD_RUNPATH_SEARCH_PATHS = "$(inherited) @executable_path/Frameworks";
				PRODUCT_BUNDLE_IDENTIFIER = valdarin.Calculator;
				PRODUCT_NAME = "$(TARGET_NAME)";
			};
			name = Debug;
		};
		D2EA1D8D1CE04D65008AB34F /* Release */ = {
			isa = XCBuildConfiguration;
			buildSettings = {
				ASSETCATALOG_COMPILER_APPICON_NAME = AppIcon;
				INFOPLIST_FILE = Calculator/Info.plist;
				LD_RUNPATH_SEARCH_PATHS = "$(inherited) @executable_path/Frameworks";
				PRODUCT_BUNDLE_IDENTIFIER = valdarin.Calculator;
				PRODUCT_NAME = "$(TARGET_NAME)";
			};
			name = Release;
		};
		D2EA1D8F1CE04D65008AB34F /* Debug */ = {
			isa = XCBuildConfiguration;
			buildSettings = {
				BUNDLE_LOADER = "$(TEST_HOST)";
				INFOPLIST_FILE = CalculatorTests/Info.plist;
				LD_RUNPATH_SEARCH_PATHS = "$(inherited) @executable_path/Frameworks @loader_path/Frameworks";
				PRODUCT_BUNDLE_IDENTIFIER = valdarin.CalculatorTests;
				PRODUCT_NAME = "$(TARGET_NAME)";
				TEST_HOST = "$(BUILT_PRODUCTS_DIR)/Calculator.app/Calculator";
			};
			name = Debug;
		};
		D2EA1D901CE04D65008AB34F /* Release */ = {
			isa = XCBuildConfiguration;
			buildSettings = {
				BUNDLE_LOADER = "$(TEST_HOST)";
				INFOPLIST_FILE = CalculatorTests/Info.plist;
				LD_RUNPATH_SEARCH_PATHS = "$(inherited) @executable_path/Frameworks @loader_path/Frameworks";
				PRODUCT_BUNDLE_IDENTIFIER = valdarin.CalculatorTests;
				PRODUCT_NAME = "$(TARGET_NAME)";
				TEST_HOST = "$(BUILT_PRODUCTS_DIR)/Calculator.app/Calculator";
			};
			name = Release;
		};
		D2EA1D921CE04D65008AB34F /* Debug */ = {
			isa = XCBuildConfiguration;
			buildSettings = {
				INFOPLIST_FILE = CalculatorUITests/Info.plist;
				LD_RUNPATH_SEARCH_PATHS = "$(inherited) @executable_path/Frameworks @loader_path/Frameworks";
				PRODUCT_BUNDLE_IDENTIFIER = valdarin.CalculatorUITests;
				PRODUCT_NAME = "$(TARGET_NAME)";
				TEST_TARGET_NAME = Calculator;
			};
			name = Debug;
		};
		D2EA1D931CE04D65008AB34F /* Release */ = {
			isa = XCBuildConfiguration;
			buildSettings = {
				INFOPLIST_FILE = CalculatorUITests/Info.plist;
				LD_RUNPATH_SEARCH_PATHS = "$(inherited) @executable_path/Frameworks @loader_path/Frameworks";
				PRODUCT_BUNDLE_IDENTIFIER = valdarin.CalculatorUITests;
				PRODUCT_NAME = "$(TARGET_NAME)";
				TEST_TARGET_NAME = Calculator;
			};
			name = Release;
		};
/* End XCBuildConfiguration section */

/* Begin XCConfigurationList section */
		D2EA1D5E1CE04D65008AB34F /* Build configuration list for PBXProject "Calculator" */ = {
			isa = XCConfigurationList;
			buildConfigurations = (
				D2EA1D891CE04D65008AB34F /* Debug */,
				D2EA1D8A1CE04D65008AB34F /* Release */,
			);
			defaultConfigurationIsVisible = 0;
			defaultConfigurationName = Release;
		};
		D2EA1D8B1CE04D65008AB34F /* Build configuration list for PBXNativeTarget "Calculator" */ = {
			isa = XCConfigurationList;
			buildConfigurations = (
				D2EA1D8C1CE04D65008AB34F /* Debug */,
				D2EA1D8D1CE04D65008AB34F /* Release */,
			);
			defaultConfigurationIsVisible = 0;
			defaultConfigurationName = Release;
		};
		D2EA1D8E1CE04D65008AB34F /* Build configuration list for PBXNativeTarget "CalculatorTests" */ = {
			isa = XCConfigurationList;
			buildConfigurations = (
				D2EA1D8F1CE04D65008AB34F /* Debug */,
				D2EA1D901CE04D65008AB34F /* Release */,
			);
			defaultConfigurationIsVisible = 0;
			defaultConfigurationName = Release;
		};
		D2EA1D911CE04D65008AB34F /* Build configuration list for PBXNativeTarget "CalculatorUITests" */ = {
			isa = XCConfigurationList;
			buildConfigurations = (
				D2EA1D921CE04D65008AB34F /* Debug */,
				D2EA1D931CE04D65008AB34F /* Release */,
			);
			defaultConfigurationIsVisible = 0;
			defaultConfigurationName = Release;
		};
/* End XCConfigurationList section */
	};
	rootObject = D2EA1D5B1CE04D65008AB34F /* Project object */;
}
