// !$*UTF8*$!
{
	archiveVersion = 1;
	classes = {
	};
	objectVersion = 46;
	objects = {

/* Begin PBXBuildFile section */
		D2F313D21D0C9EB200DDFC7A /* AppDelegate.swift in Sources */ = {isa = PBXBuildFile; fileRef = D2F313D11D0C9EB200DDFC7A /* AppDelegate.swift */; };
		D2F313D71D0C9EB200DDFC7A /* Main.storyboard in Resources */ = {isa = PBXBuildFile; fileRef = D2F313D51D0C9EB200DDFC7A /* Main.storyboard */; };
		D2F313D91D0C9EB200DDFC7A /* Assets.xcassets in Resources */ = {isa = PBXBuildFile; fileRef = D2F313D81D0C9EB200DDFC7A /* Assets.xcassets */; };
		D2F313DC1D0C9EB200DDFC7A /* LaunchScreen.storyboard in Resources */ = {isa = PBXBuildFile; fileRef = D2F313DA1D0C9EB200DDFC7A /* LaunchScreen.storyboard */; };
		D2F313E71D0C9EB200DDFC7A /* GraphingCalculatorTests.swift in Sources */ = {isa = PBXBuildFile; fileRef = D2F313E61D0C9EB200DDFC7A /* GraphingCalculatorTests.swift */; };
		D2F313F31D0C9F0D00DDFC7A /* CalculatorBrain.swift in Sources */ = {isa = PBXBuildFile; fileRef = D2F313F21D0C9F0D00DDFC7A /* CalculatorBrain.swift */; };
		D2F313F51D0C9F1D00DDFC7A /* CalculatorBrainTests.swift in Sources */ = {isa = PBXBuildFile; fileRef = D2F313F41D0C9F1D00DDFC7A /* CalculatorBrainTests.swift */; };
		D2F313F71D0C9FA400DDFC7A /* AxesDrawer.swift in Sources */ = {isa = PBXBuildFile; fileRef = D2F313F61D0C9FA400DDFC7A /* AxesDrawer.swift */; };
		D2F313F91D0C9FFC00DDFC7A /* CalculatorViewController.swift in Sources */ = {isa = PBXBuildFile; fileRef = D2F313F81D0C9FFC00DDFC7A /* CalculatorViewController.swift */; };
		D2F313FB1D0CAF5800DDFC7A /* GraphViewController.swift in Sources */ = {isa = PBXBuildFile; fileRef = D2F313FA1D0CAF5800DDFC7A /* GraphViewController.swift */; };
		D2F313FD1D0CB32D00DDFC7A /* GraphView.swift in Sources */ = {isa = PBXBuildFile; fileRef = D2F313FC1D0CB32D00DDFC7A /* GraphView.swift */; };
/* End PBXBuildFile section */

/* Begin PBXContainerItemProxy section */
		D2F313E31D0C9EB200DDFC7A /* PBXContainerItemProxy */ = {
			isa = PBXContainerItemProxy;
			containerPortal = D2F313C61D0C9EB200DDFC7A /* Project object */;
			proxyType = 1;
			remoteGlobalIDString = D2F313CD1D0C9EB200DDFC7A;
			remoteInfo = GraphingCalculator;
		};
/* End PBXContainerItemProxy section */

/* Begin PBXFileReference section */
		D2F313CE1D0C9EB200DDFC7A /* GraphingCalculator.app */ = {isa = PBXFileReference; explicitFileType = wrapper.application; includeInIndex = 0; path = GraphingCalculator.app; sourceTree = BUILT_PRODUCTS_DIR; };
		D2F313D11D0C9EB200DDFC7A /* AppDelegate.swift */ = {isa = PBXFileReference; lastKnownFileType = sourcecode.swift; path = AppDelegate.swift; sourceTree = "<group>"; };
		D2F313D61D0C9EB200DDFC7A /* Base */ = {isa = PBXFileReference; lastKnownFileType = file.storyboard; name = Base; path = Base.lproj/Main.storyboard; sourceTree = "<group>"; };
		D2F313D81D0C9EB200DDFC7A /* Assets.xcassets */ = {isa = PBXFileReference; lastKnownFileType = folder.assetcatalog; path = Assets.xcassets; sourceTree = "<group>"; };
		D2F313DB1D0C9EB200DDFC7A /* Base */ = {isa = PBXFileReference; lastKnownFileType = file.storyboard; name = Base; path = Base.lproj/LaunchScreen.storyboard; sourceTree = "<group>"; };
		D2F313DD1D0C9EB200DDFC7A /* Info.plist */ = {isa = PBXFileReference; lastKnownFileType = text.plist.xml; path = Info.plist; sourceTree = "<group>"; };
		D2F313E21D0C9EB200DDFC7A /* GraphingCalculatorTests.xctest */ = {isa = PBXFileReference; explicitFileType = wrapper.cfbundle; includeInIndex = 0; path = GraphingCalculatorTests.xctest; sourceTree = BUILT_PRODUCTS_DIR; };
		D2F313E61D0C9EB200DDFC7A /* GraphingCalculatorTests.swift */ = {isa = PBXFileReference; lastKnownFileType = sourcecode.swift; path = GraphingCalculatorTests.swift; sourceTree = "<group>"; };
		D2F313E81D0C9EB200DDFC7A /* Info.plist */ = {isa = PBXFileReference; lastKnownFileType = text.plist.xml; path = Info.plist; sourceTree = "<group>"; };
		D2F313F21D0C9F0D00DDFC7A /* CalculatorBrain.swift */ = {isa = PBXFileReference; fileEncoding = 4; lastKnownFileType = sourcecode.swift; path = CalculatorBrain.swift; sourceTree = "<group>"; };
		D2F313F41D0C9F1D00DDFC7A /* CalculatorBrainTests.swift */ = {isa = PBXFileReference; fileEncoding = 4; lastKnownFileType = sourcecode.swift; path = CalculatorBrainTests.swift; sourceTree = "<group>"; };
		D2F313F61D0C9FA400DDFC7A /* AxesDrawer.swift */ = {isa = PBXFileReference; fileEncoding = 4; lastKnownFileType = sourcecode.swift; path = AxesDrawer.swift; sourceTree = "<group>"; };
		D2F313F81D0C9FFC00DDFC7A /* CalculatorViewController.swift */ = {isa = PBXFileReference; fileEncoding = 4; lastKnownFileType = sourcecode.swift; path = CalculatorViewController.swift; sourceTree = "<group>"; };
		D2F313FA1D0CAF5800DDFC7A /* GraphViewController.swift */ = {isa = PBXFileReference; fileEncoding = 4; lastKnownFileType = sourcecode.swift; path = GraphViewController.swift; sourceTree = "<group>"; };
		D2F313FC1D0CB32D00DDFC7A /* GraphView.swift */ = {isa = PBXFileReference; fileEncoding = 4; lastKnownFileType = sourcecode.swift; path = GraphView.swift; sourceTree = "<group>"; };
/* End PBXFileReference section */

/* Begin PBXFrameworksBuildPhase section */
		D2F313CB1D0C9EB200DDFC7A /* Frameworks */ = {
			isa = PBXFrameworksBuildPhase;
			buildActionMask = 2147483647;
			files = (
			);
			runOnlyForDeploymentPostprocessing = 0;
		};
		D2F313DF1D0C9EB200DDFC7A /* Frameworks */ = {
			isa = PBXFrameworksBuildPhase;
			buildActionMask = 2147483647;
			files = (
			);
			runOnlyForDeploymentPostprocessing = 0;
		};
/* End PBXFrameworksBuildPhase section */

/* Begin PBXGroup section */
		D2F313C51D0C9EB200DDFC7A = {
			isa = PBXGroup;
			children = (
				D2F313D01D0C9EB200DDFC7A /* GraphingCalculator */,
				D2F313E51D0C9EB200DDFC7A /* GraphingCalculatorTests */,
				D2F313CF1D0C9EB200DDFC7A /* Products */,
			);
			sourceTree = "<group>";
		};
		D2F313CF1D0C9EB200DDFC7A /* Products */ = {
			isa = PBXGroup;
			children = (
				D2F313CE1D0C9EB200DDFC7A /* GraphingCalculator.app */,
				D2F313E21D0C9EB200DDFC7A /* GraphingCalculatorTests.xctest */,
			);
			name = Products;
			sourceTree = "<group>";
		};
		D2F313D01D0C9EB200DDFC7A /* GraphingCalculator */ = {
			isa = PBXGroup;
			children = (
				D2F313D51D0C9EB200DDFC7A /* Main.storyboard */,
				D2F313FC1D0CB32D00DDFC7A /* GraphView.swift */,
				D2F313FA1D0CAF5800DDFC7A /* GraphViewController.swift */,
				D2F313F21D0C9F0D00DDFC7A /* CalculatorBrain.swift */,
				D2F313F61D0C9FA400DDFC7A /* AxesDrawer.swift */,
				D2F313F81D0C9FFC00DDFC7A /* CalculatorViewController.swift */,
				D2F313F11D0C9ED600DDFC7A /* Supporting Files */,
			);
			path = GraphingCalculator;
			sourceTree = "<group>";
		};
		D2F313E51D0C9EB200DDFC7A /* GraphingCalculatorTests */ = {
			isa = PBXGroup;
			children = (
				D2F313E61D0C9EB200DDFC7A /* GraphingCalculatorTests.swift */,
				D2F313F41D0C9F1D00DDFC7A /* CalculatorBrainTests.swift */,
				D2F313E81D0C9EB200DDFC7A /* Info.plist */,
			);
			path = GraphingCalculatorTests;
			sourceTree = "<group>";
		};
		D2F313F11D0C9ED600DDFC7A /* Supporting Files */ = {
			isa = PBXGroup;
			children = (
				D2F313DD1D0C9EB200DDFC7A /* Info.plist */,
				D2F313D81D0C9EB200DDFC7A /* Assets.xcassets */,
				D2F313D11D0C9EB200DDFC7A /* AppDelegate.swift */,
				D2F313DA1D0C9EB200DDFC7A /* LaunchScreen.storyboard */,
			);
			name = "Supporting Files";
			sourceTree = "<group>";
		};
/* End PBXGroup section */

/* Begin PBXNativeTarget section */
		D2F313CD1D0C9EB200DDFC7A /* GraphingCalculator */ = {
			isa = PBXNativeTarget;
			buildConfigurationList = D2F313EB1D0C9EB200DDFC7A /* Build configuration list for PBXNativeTarget "GraphingCalculator" */;
			buildPhases = (
				D2F313CA1D0C9EB200DDFC7A /* Sources */,
				D2F313CB1D0C9EB200DDFC7A /* Frameworks */,
				D2F313CC1D0C9EB200DDFC7A /* Resources */,
			);
			buildRules = (
			);
			dependencies = (
			);
			name = GraphingCalculator;
			productName = GraphingCalculator;
			productReference = D2F313CE1D0C9EB200DDFC7A /* GraphingCalculator.app */;
			productType = "com.apple.product-type.application";
		};
		D2F313E11D0C9EB200DDFC7A /* GraphingCalculatorTests */ = {
			isa = PBXNativeTarget;
			buildConfigurationList = D2F313EE1D0C9EB200DDFC7A /* Build configuration list for PBXNativeTarget "GraphingCalculatorTests" */;
			buildPhases = (
				D2F313DE1D0C9EB200DDFC7A /* Sources */,
				D2F313DF1D0C9EB200DDFC7A /* Frameworks */,
				D2F313E01D0C9EB200DDFC7A /* Resources */,
			);
			buildRules = (
			);
			dependencies = (
				D2F313E41D0C9EB200DDFC7A /* PBXTargetDependency */,
			);
			name = GraphingCalculatorTests;
			productName = GraphingCalculatorTests;
			productReference = D2F313E21D0C9EB200DDFC7A /* GraphingCalculatorTests.xctest */;
			productType = "com.apple.product-type.bundle.unit-test";
		};
/* End PBXNativeTarget section */

/* Begin PBXProject section */
		D2F313C61D0C9EB200DDFC7A /* Project object */ = {
			isa = PBXProject;
			attributes = {
				LastSwiftUpdateCheck = 0730;
				LastUpgradeCheck = 0730;
				ORGANIZATIONNAME = "Scott Moen";
				TargetAttributes = {
					D2F313CD1D0C9EB200DDFC7A = {
						CreatedOnToolsVersion = 7.3;
						DevelopmentTeam = 2T7T6973FR;
					};
					D2F313E11D0C9EB200DDFC7A = {
						CreatedOnToolsVersion = 7.3;
						DevelopmentTeam = 2T7T6973FR;
						TestTargetID = D2F313CD1D0C9EB200DDFC7A;
					};
				};
			};
			buildConfigurationList = D2F313C91D0C9EB200DDFC7A /* Build configuration list for PBXProject "GraphingCalculator" */;
			compatibilityVersion = "Xcode 3.2";
			developmentRegion = English;
			hasScannedForEncodings = 0;
			knownRegions = (
				en,
				Base,
			);
			mainGroup = D2F313C51D0C9EB200DDFC7A;
			productRefGroup = D2F313CF1D0C9EB200DDFC7A /* Products */;
			projectDirPath = "";
			projectRoot = "";
			targets = (
				D2F313CD1D0C9EB200DDFC7A /* GraphingCalculator */,
				D2F313E11D0C9EB200DDFC7A /* GraphingCalculatorTests */,
			);
		};
/* End PBXProject section */

/* Begin PBXResourcesBuildPhase section */
		D2F313CC1D0C9EB200DDFC7A /* Resources */ = {
			isa = PBXResourcesBuildPhase;
			buildActionMask = 2147483647;
			files = (
				D2F313DC1D0C9EB200DDFC7A /* LaunchScreen.storyboard in Resources */,
				D2F313D91D0C9EB200DDFC7A /* Assets.xcassets in Resources */,
				D2F313D71D0C9EB200DDFC7A /* Main.storyboard in Resources */,
			);
			runOnlyForDeploymentPostprocessing = 0;
		};
		D2F313E01D0C9EB200DDFC7A /* Resources */ = {
			isa = PBXResourcesBuildPhase;
			buildActionMask = 2147483647;
			files = (
			);
			runOnlyForDeploymentPostprocessing = 0;
		};
/* End PBXResourcesBuildPhase section */

/* Begin PBXSourcesBuildPhase section */
		D2F313CA1D0C9EB200DDFC7A /* Sources */ = {
			isa = PBXSourcesBuildPhase;
			buildActionMask = 2147483647;
			files = (
				D2F313F31D0C9F0D00DDFC7A /* CalculatorBrain.swift in Sources */,
				D2F313FB1D0CAF5800DDFC7A /* GraphViewController.swift in Sources */,
				D2F313F71D0C9FA400DDFC7A /* AxesDrawer.swift in Sources */,
				D2F313F91D0C9FFC00DDFC7A /* CalculatorViewController.swift in Sources */,
				D2F313D21D0C9EB200DDFC7A /* AppDelegate.swift in Sources */,
				D2F313FD1D0CB32D00DDFC7A /* GraphView.swift in Sources */,
			);
			runOnlyForDeploymentPostprocessing = 0;
		};
		D2F313DE1D0C9EB200DDFC7A /* Sources */ = {
			isa = PBXSourcesBuildPhase;
			buildActionMask = 2147483647;
			files = (
				D2F313F51D0C9F1D00DDFC7A /* CalculatorBrainTests.swift in Sources */,
				D2F313E71D0C9EB200DDFC7A /* GraphingCalculatorTests.swift in Sources */,
			);
			runOnlyForDeploymentPostprocessing = 0;
		};
/* End PBXSourcesBuildPhase section */

/* Begin PBXTargetDependency section */
		D2F313E41D0C9EB200DDFC7A /* PBXTargetDependency */ = {
			isa = PBXTargetDependency;
			target = D2F313CD1D0C9EB200DDFC7A /* GraphingCalculator */;
			targetProxy = D2F313E31D0C9EB200DDFC7A /* PBXContainerItemProxy */;
		};
/* End PBXTargetDependency section */

/* Begin PBXVariantGroup section */
		D2F313D51D0C9EB200DDFC7A /* Main.storyboard */ = {
			isa = PBXVariantGroup;
			children = (
				D2F313D61D0C9EB200DDFC7A /* Base */,
			);
			name = Main.storyboard;
			sourceTree = "<group>";
		};
		D2F313DA1D0C9EB200DDFC7A /* LaunchScreen.storyboard */ = {
			isa = PBXVariantGroup;
			children = (
				D2F313DB1D0C9EB200DDFC7A /* Base */,
			);
			name = LaunchScreen.storyboard;
			sourceTree = "<group>";
		};
/* End PBXVariantGroup section */

/* Begin XCBuildConfiguration section */
		D2F313E91D0C9EB200DDFC7A /* Debug */ = {
			isa = XCBuildConfiguration;
			buildSettings = {
				ALWAYS_SEARCH_USER_PATHS = NO;
				CLANG_ANALYZER_NONNULL = YES;
				CLANG_CXX_LANGUAGE_STANDARD = "gnu++0x";
				CLANG_CXX_LIBRARY = "libc++";
				CLANG_ENABLE_MODULES = YES;
				CLANG_ENABLE_OBJC_ARC = YES;
				CLANG_WARN_BOOL_CONVERSION = YES;
				CLANG_WARN_CONSTANT_CONVERSION = YES;
				CLANG_WARN_DIRECT_OBJC_ISA_USAGE = YES_ERROR;
				CLANG_WARN_EMPTY_BODY = YES;
				CLANG_WARN_ENUM_CONVERSION = YES;
				CLANG_WARN_INT_CONVERSION = YES;
				CLANG_WARN_OBJC_ROOT_CLASS = YES_ERROR;
				CLANG_WARN_UNREACHABLE_CODE = YES;
				CLANG_WARN__DUPLICATE_METHOD_MATCH = YES;
				"CODE_SIGN_IDENTITY[sdk=iphoneos*]" = "iPhone Developer";
				COPY_PHASE_STRIP = NO;
				DEBUG_INFORMATION_FORMAT = dwarf;
				ENABLE_STRICT_OBJC_MSGSEND = YES;
				ENABLE_TESTABILITY = YES;
				GCC_C_LANGUAGE_STANDARD = gnu99;
				GCC_DYNAMIC_NO_PIC = NO;
				GCC_NO_COMMON_BLOCKS = YES;
				GCC_OPTIMIZATION_LEVEL = 0;
				GCC_PREPROCESSOR_DEFINITIONS = (
					"DEBUG=1",
					"$(inherited)",
				);
				GCC_WARN_64_TO_32_BIT_CONVERSION = YES;
				GCC_WARN_ABOUT_RETURN_TYPE = YES_ERROR;
				GCC_WARN_UNDECLARED_SELECTOR = YES;
				GCC_WARN_UNINITIALIZED_AUTOS = YES_AGGRESSIVE;
				GCC_WARN_UNUSED_FUNCTION = YES;
				GCC_WARN_UNUSED_VARIABLE = YES;
				IPHONEOS_DEPLOYMENT_TARGET = 9.3;
				MTL_ENABLE_DEBUG_INFO = YES;
				ONLY_ACTIVE_ARCH = YES;
				SDKROOT = iphoneos;
				SWIFT_OPTIMIZATION_LEVEL = "-Onone";
				TARGETED_DEVICE_FAMILY = "1,2";
			};
			name = Debug;
		};
		D2F313EA1D0C9EB200DDFC7A /* Release */ = {
			isa = XCBuildConfiguration;
			buildSettings = {
				ALWAYS_SEARCH_USER_PATHS = NO;
				CLANG_ANALYZER_NONNULL = YES;
				CLANG_CXX_LANGUAGE_STANDARD = "gnu++0x";
				CLANG_CXX_LIBRARY = "libc++";
				CLANG_ENABLE_MODULES = YES;
				CLANG_ENABLE_OBJC_ARC = YES;
				CLANG_WARN_BOOL_CONVERSION = YES;
				CLANG_WARN_CONSTANT_CONVERSION = YES;
				CLANG_WARN_DIRECT_OBJC_ISA_USAGE = YES_ERROR;
				CLANG_WARN_EMPTY_BODY = YES;
				CLANG_WARN_ENUM_CONVERSION = YES;
				CLANG_WARN_INT_CONVERSION = YES;
				CLANG_WARN_OBJC_ROOT_CLASS = YES_ERROR;
				CLANG_WARN_UNREACHABLE_CODE = YES;
				CLANG_WARN__DUPLICATE_METHOD_MATCH = YES;
				"CODE_SIGN_IDENTITY[sdk=iphoneos*]" = "iPhone Developer";
				COPY_PHASE_STRIP = NO;
				DEBUG_INFORMATION_FORMAT = "dwarf-with-dsym";
				ENABLE_NS_ASSERTIONS = NO;
				ENABLE_STRICT_OBJC_MSGSEND = YES;
				GCC_C_LANGUAGE_STANDARD = gnu99;
				GCC_NO_COMMON_BLOCKS = YES;
				GCC_WARN_64_TO_32_BIT_CONVERSION = YES;
				GCC_WARN_ABOUT_RETURN_TYPE = YES_ERROR;
				GCC_WARN_UNDECLARED_SELECTOR = YES;
				GCC_WARN_UNINITIALIZED_AUTOS = YES_AGGRESSIVE;
				GCC_WARN_UNUSED_FUNCTION = YES;
				GCC_WARN_UNUSED_VARIABLE = YES;
				IPHONEOS_DEPLOYMENT_TARGET = 9.3;
				MTL_ENABLE_DEBUG_INFO = NO;
				SDKROOT = iphoneos;
				TARGETED_DEVICE_FAMILY = "1,2";
				VALIDATE_PRODUCT = YES;
			};
			name = Release;
		};
		D2F313EC1D0C9EB200DDFC7A /* Debug */ = {
			isa = XCBuildConfiguration;
			buildSettings = {
				ASSETCATALOG_COMPILER_APPICON_NAME = AppIcon;
				INFOPLIST_FILE = GraphingCalculator/Info.plist;
				LD_RUNPATH_SEARCH_PATHS = "$(inherited) @executable_path/Frameworks";
				PRODUCT_BUNDLE_IDENTIFIER = valdarin.GraphingCalculator;
				PRODUCT_NAME = "$(TARGET_NAME)";
			};
			name = Debug;
		};
		D2F313ED1D0C9EB200DDFC7A /* Release */ = {
			isa = XCBuildConfiguration;
			buildSettings = {
				ASSETCATALOG_COMPILER_APPICON_NAME = AppIcon;
				INFOPLIST_FILE = GraphingCalculator/Info.plist;
				LD_RUNPATH_SEARCH_PATHS = "$(inherited) @executable_path/Frameworks";
				PRODUCT_BUNDLE_IDENTIFIER = valdarin.GraphingCalculator;
				PRODUCT_NAME = "$(TARGET_NAME)";
			};
			name = Release;
		};
		D2F313EF1D0C9EB200DDFC7A /* Debug */ = {
			isa = XCBuildConfiguration;
			buildSettings = {
				BUNDLE_LOADER = "$(TEST_HOST)";
				INFOPLIST_FILE = GraphingCalculatorTests/Info.plist;
				LD_RUNPATH_SEARCH_PATHS = "$(inherited) @executable_path/Frameworks @loader_path/Frameworks";
				PRODUCT_BUNDLE_IDENTIFIER = valdarin.GraphingCalculatorTests;
				PRODUCT_NAME = "$(TARGET_NAME)";
				TEST_HOST = "$(BUILT_PRODUCTS_DIR)/GraphingCalculator.app/GraphingCalculator";
			};
			name = Debug;
		};
		D2F313F01D0C9EB200DDFC7A /* Release */ = {
			isa = XCBuildConfiguration;
			buildSettings = {
				BUNDLE_LOADER = "$(TEST_HOST)";
				INFOPLIST_FILE = GraphingCalculatorTests/Info.plist;
				LD_RUNPATH_SEARCH_PATHS = "$(inherited) @executable_path/Frameworks @loader_path/Frameworks";
				PRODUCT_BUNDLE_IDENTIFIER = valdarin.GraphingCalculatorTests;
				PRODUCT_NAME = "$(TARGET_NAME)";
				TEST_HOST = "$(BUILT_PRODUCTS_DIR)/GraphingCalculator.app/GraphingCalculator";
			};
			name = Release;
		};
/* End XCBuildConfiguration section */

/* Begin XCConfigurationList section */
		D2F313C91D0C9EB200DDFC7A /* Build configuration list for PBXProject "GraphingCalculator" */ = {
			isa = XCConfigurationList;
			buildConfigurations = (
				D2F313E91D0C9EB200DDFC7A /* Debug */,
				D2F313EA1D0C9EB200DDFC7A /* Release */,
			);
			defaultConfigurationIsVisible = 0;
			defaultConfigurationName = Release;
		};
		D2F313EB1D0C9EB200DDFC7A /* Build configuration list for PBXNativeTarget "GraphingCalculator" */ = {
			isa = XCConfigurationList;
			buildConfigurations = (
				D2F313EC1D0C9EB200DDFC7A /* Debug */,
				D2F313ED1D0C9EB200DDFC7A /* Release */,
			);
			defaultConfigurationIsVisible = 0;
		};
		D2F313EE1D0C9EB200DDFC7A /* Build configuration list for PBXNativeTarget "GraphingCalculatorTests" */ = {
			isa = XCConfigurationList;
			buildConfigurations = (
				D2F313EF1D0C9EB200DDFC7A /* Debug */,
				D2F313F01D0C9EB200DDFC7A /* Release */,
			);
			defaultConfigurationIsVisible = 0;
		};
/* End XCConfigurationList section */
	};
	rootObject = D2F313C61D0C9EB200DDFC7A /* Project object */;
}
