// !$*UTF8*$!
{
	archiveVersion = 1;
	classes = {
	};
	objectVersion = 46;
	objects = {

/* Begin PBXBuildFile section */
		D213D8681D09EE6D008E3B15 /* VCL.swift in Sources */ = {isa = PBXBuildFile; fileRef = D213D8671D09EE6D008E3B15 /* VCL.swift */; };
		D24AB3C91CF0D16A00F42C9F /* FacialExpression.swift in Sources */ = {isa = PBXBuildFile; fileRef = D24AB3C81CF0D16A00F42C9F /* FacialExpression.swift */; };
		D27CFEFC1D09CF730046479B /* EmotionsViewController.swift in Sources */ = {isa = PBXBuildFile; fileRef = D27CFEFB1D09CF730046479B /* EmotionsViewController.swift */; };
		D2BC56941CEED66F001A6B5B /* AppDelegate.swift in Sources */ = {isa = PBXBuildFile; fileRef = D2BC56931CEED66F001A6B5B /* AppDelegate.swift */; };
		D2BC56961CEED66F001A6B5B /* FaceViewController.swift in Sources */ = {isa = PBXBuildFile; fileRef = D2BC56951CEED66F001A6B5B /* FaceViewController.swift */; };
		D2BC56991CEED66F001A6B5B /* Main.storyboard in Resources */ = {isa = PBXBuildFile; fileRef = D2BC56971CEED66F001A6B5B /* Main.storyboard */; };
		D2BC569B1CEED66F001A6B5B /* Assets.xcassets in Resources */ = {isa = PBXBuildFile; fileRef = D2BC569A1CEED66F001A6B5B /* Assets.xcassets */; };
		D2BC569E1CEED66F001A6B5B /* LaunchScreen.storyboard in Resources */ = {isa = PBXBuildFile; fileRef = D2BC569C1CEED66F001A6B5B /* LaunchScreen.storyboard */; };
		D2BC56A71CEED775001A6B5B /* FaceView.swift in Sources */ = {isa = PBXBuildFile; fileRef = D2BC56A61CEED775001A6B5B /* FaceView.swift */; };
/* End PBXBuildFile section */

/* Begin PBXFileReference section */
		D213D8671D09EE6D008E3B15 /* VCL.swift */ = {isa = PBXFileReference; fileEncoding = 4; lastKnownFileType = sourcecode.swift; path = VCL.swift; sourceTree = "<group>"; };
		D24AB3C81CF0D16A00F42C9F /* FacialExpression.swift */ = {isa = PBXFileReference; fileEncoding = 4; lastKnownFileType = sourcecode.swift; path = FacialExpression.swift; sourceTree = "<group>"; };
		D27CFEFB1D09CF730046479B /* EmotionsViewController.swift */ = {isa = PBXFileReference; fileEncoding = 4; lastKnownFileType = sourcecode.swift; path = EmotionsViewController.swift; sourceTree = "<group>"; };
		D2BC56901CEED66F001A6B5B /* FaceIt.app */ = {isa = PBXFileReference; explicitFileType = wrapper.application; includeInIndex = 0; path = FaceIt.app; sourceTree = BUILT_PRODUCTS_DIR; };
		D2BC56931CEED66F001A6B5B /* AppDelegate.swift */ = {isa = PBXFileReference; lastKnownFileType = sourcecode.swift; path = AppDelegate.swift; sourceTree = "<group>"; };
		D2BC56951CEED66F001A6B5B /* FaceViewController.swift */ = {isa = PBXFileReference; lastKnownFileType = sourcecode.swift; path = FaceViewController.swift; sourceTree = "<group>"; };
		D2BC56981CEED66F001A6B5B /* Base */ = {isa = PBXFileReference; lastKnownFileType = file.storyboard; name = Base; path = Base.lproj/Main.storyboard; sourceTree = "<group>"; };
		D2BC569A1CEED66F001A6B5B /* Assets.xcassets */ = {isa = PBXFileReference; lastKnownFileType = folder.assetcatalog; path = Assets.xcassets; sourceTree = "<group>"; };
		D2BC569D1CEED66F001A6B5B /* Base */ = {isa = PBXFileReference; lastKnownFileType = file.storyboard; name = Base; path = Base.lproj/LaunchScreen.storyboard; sourceTree = "<group>"; };
		D2BC569F1CEED66F001A6B5B /* Info.plist */ = {isa = PBXFileReference; lastKnownFileType = text.plist.xml; path = Info.plist; sourceTree = "<group>"; };
		D2BC56A61CEED775001A6B5B /* FaceView.swift */ = {isa = PBXFileReference; fileEncoding = 4; lastKnownFileType = sourcecode.swift; path = FaceView.swift; sourceTree = "<group>"; };
/* End PBXFileReference section */

/* Begin PBXFrameworksBuildPhase section */
		D2BC568D1CEED66F001A6B5B /* Frameworks */ = {
			isa = PBXFrameworksBuildPhase;
			buildActionMask = 2147483647;
			files = (
			);
			runOnlyForDeploymentPostprocessing = 0;
		};
/* End PBXFrameworksBuildPhase section */

/* Begin PBXGroup section */
		D2BC56871CEED66F001A6B5B = {
			isa = PBXGroup;
			children = (
				D2BC56921CEED66F001A6B5B /* FaceIt */,
				D2BC56911CEED66F001A6B5B /* Products */,
			);
			sourceTree = "<group>";
		};
		D2BC56911CEED66F001A6B5B /* Products */ = {
			isa = PBXGroup;
			children = (
				D2BC56901CEED66F001A6B5B /* FaceIt.app */,
			);
			name = Products;
			sourceTree = "<group>";
		};
		D2BC56921CEED66F001A6B5B /* FaceIt */ = {
			isa = PBXGroup;
			children = (
				D2BC56971CEED66F001A6B5B /* Main.storyboard */,
				D27CFEFB1D09CF730046479B /* EmotionsViewController.swift */,
				D2BC56A61CEED775001A6B5B /* FaceView.swift */,
				D2BC56951CEED66F001A6B5B /* FaceViewController.swift */,
				D24AB3C81CF0D16A00F42C9F /* FacialExpression.swift */,
				D213D8671D09EE6D008E3B15 /* VCL.swift */,
				D2BC56A51CEED6A6001A6B5B /* Supporting Files */,
			);
			path = FaceIt;
			sourceTree = "<group>";
		};
		D2BC56A51CEED6A6001A6B5B /* Supporting Files */ = {
			isa = PBXGroup;
			children = (
				D2BC56931CEED66F001A6B5B /* AppDelegate.swift */,
				D2BC569A1CEED66F001A6B5B /* Assets.xcassets */,
				D2BC569C1CEED66F001A6B5B /* LaunchScreen.storyboard */,
				D2BC569F1CEED66F001A6B5B /* Info.plist */,
			);
			name = "Supporting Files";
			sourceTree = "<group>";
		};
/* End PBXGroup section */

/* Begin PBXNativeTarget section */
		D2BC568F1CEED66F001A6B5B /* FaceIt */ = {
			isa = PBXNativeTarget;
			buildConfigurationList = D2BC56A21CEED66F001A6B5B /* Build configuration list for PBXNativeTarget "FaceIt" */;
			buildPhases = (
				D2BC568C1CEED66F001A6B5B /* Sources */,
				D2BC568D1CEED66F001A6B5B /* Frameworks */,
				D2BC568E1CEED66F001A6B5B /* Resources */,
			);
			buildRules = (
			);
			dependencies = (
			);
			name = FaceIt;
			productName = FaceIt;
			productReference = D2BC56901CEED66F001A6B5B /* FaceIt.app */;
			productType = "com.apple.product-type.application";
		};
/* End PBXNativeTarget section */

/* Begin PBXProject section */
		D2BC56881CEED66F001A6B5B /* Project object */ = {
			isa = PBXProject;
			attributes = {
				LastSwiftUpdateCheck = 0730;
				LastUpgradeCheck = 0730;
				ORGANIZATIONNAME = "Scott Moen";
				TargetAttributes = {
					D2BC568F1CEED66F001A6B5B = {
						CreatedOnToolsVersion = 7.3;
						DevelopmentTeam = 2T7T6973FR;
					};
				};
			};
			buildConfigurationList = D2BC568B1CEED66F001A6B5B /* Build configuration list for PBXProject "FaceIt" */;
			compatibilityVersion = "Xcode 3.2";
			developmentRegion = English;
			hasScannedForEncodings = 0;
			knownRegions = (
				en,
				Base,
			);
			mainGroup = D2BC56871CEED66F001A6B5B;
			productRefGroup = D2BC56911CEED66F001A6B5B /* Products */;
			projectDirPath = "";
			projectRoot = "";
			targets = (
				D2BC568F1CEED66F001A6B5B /* FaceIt */,
			);
		};
/* End PBXProject section */

/* Begin PBXResourcesBuildPhase section */
		D2BC568E1CEED66F001A6B5B /* Resources */ = {
			isa = PBXResourcesBuildPhase;
			buildActionMask = 2147483647;
			files = (
				D2BC569E1CEED66F001A6B5B /* LaunchScreen.storyboard in Resources */,
				D2BC569B1CEED66F001A6B5B /* Assets.xcassets in Resources */,
				D2BC56991CEED66F001A6B5B /* Main.storyboard in Resources */,
			);
			runOnlyForDeploymentPostprocessing = 0;
		};
/* End PBXResourcesBuildPhase section */

/* Begin PBXSourcesBuildPhase section */
		D2BC568C1CEED66F001A6B5B /* Sources */ = {
			isa = PBXSourcesBuildPhase;
			buildActionMask = 2147483647;
			files = (
				D2BC56961CEED66F001A6B5B /* FaceViewController.swift in Sources */,
				D24AB3C91CF0D16A00F42C9F /* FacialExpression.swift in Sources */,
				D27CFEFC1D09CF730046479B /* EmotionsViewController.swift in Sources */,
				D213D8681D09EE6D008E3B15 /* VCL.swift in Sources */,
				D2BC56941CEED66F001A6B5B /* AppDelegate.swift in Sources */,
				D2BC56A71CEED775001A6B5B /* FaceView.swift in Sources */,
			);
			runOnlyForDeploymentPostprocessing = 0;
		};
/* End PBXSourcesBuildPhase section */

/* Begin PBXVariantGroup section */
		D2BC56971CEED66F001A6B5B /* Main.storyboard */ = {
			isa = PBXVariantGroup;
			children = (
				D2BC56981CEED66F001A6B5B /* Base */,
			);
			name = Main.storyboard;
			sourceTree = "<group>";
		};
		D2BC569C1CEED66F001A6B5B /* LaunchScreen.storyboard */ = {
			isa = PBXVariantGroup;
			children = (
				D2BC569D1CEED66F001A6B5B /* Base */,
			);
			name = LaunchScreen.storyboard;
			sourceTree = "<group>";
		};
/* End PBXVariantGroup section */

/* Begin XCBuildConfiguration section */
		D2BC56A01CEED66F001A6B5B /* Debug */ = {
			isa = XCBuildConfiguration;
			buildSettings = {
				ALWAYS_SEARCH_USER_PATHS = NO;
				CLANG_ANALYZER_NONNULL = YES;
				CLANG_CXX_LANGUAGE_STANDARD = "gnu++0x";
				CLANG_CXX_LIBRARY = "libc++";
				CLANG_ENABLE_MODULES = YES;
				CLANG_ENABLE_OBJC_ARC = YES;
				CLANG_WARN_BOOL_CONVERSION = YES;
				CLANG_WARN_CONSTANT_CONVERSION = YES;
				CLANG_WARN_DIRECT_OBJC_ISA_USAGE = YES_ERROR;
				CLANG_WARN_EMPTY_BODY = YES;
				CLANG_WARN_ENUM_CONVERSION = YES;
				CLANG_WARN_INT_CONVERSION = YES;
				CLANG_WARN_OBJC_ROOT_CLASS = YES_ERROR;
				CLANG_WARN_UNREACHABLE_CODE = YES;
				CLANG_WARN__DUPLICATE_METHOD_MATCH = YES;
				"CODE_SIGN_IDENTITY[sdk=iphoneos*]" = "iPhone Developer";
				COPY_PHASE_STRIP = NO;
				DEBUG_INFORMATION_FORMAT = dwarf;
				ENABLE_STRICT_OBJC_MSGSEND = YES;
				ENABLE_TESTABILITY = YES;
				GCC_C_LANGUAGE_STANDARD = gnu99;
				GCC_DYNAMIC_NO_PIC = NO;
				GCC_NO_COMMON_BLOCKS = YES;
				GCC_OPTIMIZATION_LEVEL = 0;
				GCC_PREPROCESSOR_DEFINITIONS = (
					"DEBUG=1",
					"$(inherited)",
				);
				GCC_WARN_64_TO_32_BIT_CONVERSION = YES;
				GCC_WARN_ABOUT_RETURN_TYPE = YES_ERROR;
				GCC_WARN_UNDECLARED_SELECTOR = YES;
				GCC_WARN_UNINITIALIZED_AUTOS = YES_AGGRESSIVE;
				GCC_WARN_UNUSED_FUNCTION = YES;
				GCC_WARN_UNUSED_VARIABLE = YES;
				IPHONEOS_DEPLOYMENT_TARGET = 9.3;
				MTL_ENABLE_DEBUG_INFO = YES;
				ONLY_ACTIVE_ARCH = YES;
				SDKROOT = iphoneos;
				SWIFT_OPTIMIZATION_LEVEL = "-Onone";
				TARGETED_DEVICE_FAMILY = "1,2";
			};
			name = Debug;
		};
		D2BC56A11CEED66F001A6B5B /* Release */ = {
			isa = XCBuildConfiguration;
			buildSettings = {
				ALWAYS_SEARCH_USER_PATHS = NO;
				CLANG_ANALYZER_NONNULL = YES;
				CLANG_CXX_LANGUAGE_STANDARD = "gnu++0x";
				CLANG_CXX_LIBRARY = "libc++";
				CLANG_ENABLE_MODULES = YES;
				CLANG_ENABLE_OBJC_ARC = YES;
				CLANG_WARN_BOOL_CONVERSION = YES;
				CLANG_WARN_CONSTANT_CONVERSION = YES;
				CLANG_WARN_DIRECT_OBJC_ISA_USAGE = YES_ERROR;
				CLANG_WARN_EMPTY_BODY = YES;
				CLANG_WARN_ENUM_CONVERSION = YES;
				CLANG_WARN_INT_CONVERSION = YES;
				CLANG_WARN_OBJC_ROOT_CLASS = YES_ERROR;
				CLANG_WARN_UNREACHABLE_CODE = YES;
				CLANG_WARN__DUPLICATE_METHOD_MATCH = YES;
				"CODE_SIGN_IDENTITY[sdk=iphoneos*]" = "iPhone Developer";
				COPY_PHASE_STRIP = NO;
				DEBUG_INFORMATION_FORMAT = "dwarf-with-dsym";
				ENABLE_NS_ASSERTIONS = NO;
				ENABLE_STRICT_OBJC_MSGSEND = YES;
				GCC_C_LANGUAGE_STANDARD = gnu99;
				GCC_NO_COMMON_BLOCKS = YES;
				GCC_WARN_64_TO_32_BIT_CONVERSION = YES;
				GCC_WARN_ABOUT_RETURN_TYPE = YES_ERROR;
				GCC_WARN_UNDECLARED_SELECTOR = YES;
				GCC_WARN_UNINITIALIZED_AUTOS = YES_AGGRESSIVE;
				GCC_WARN_UNUSED_FUNCTION = YES;
				GCC_WARN_UNUSED_VARIABLE = YES;
				IPHONEOS_DEPLOYMENT_TARGET = 9.3;
				MTL_ENABLE_DEBUG_INFO = NO;
				SDKROOT = iphoneos;
				TARGETED_DEVICE_FAMILY = "1,2";
				VALIDATE_PRODUCT = YES;
			};
			name = Release;
		};
		D2BC56A31CEED66F001A6B5B /* Debug */ = {
			isa = XCBuildConfiguration;
			buildSettings = {
				ASSETCATALOG_COMPILER_APPICON_NAME = AppIcon;
				INFOPLIST_FILE = FaceIt/Info.plist;
				LD_RUNPATH_SEARCH_PATHS = "$(inherited) @executable_path/Frameworks";
				PRODUCT_BUNDLE_IDENTIFIER = valdarin.FaceIt;
				PRODUCT_NAME = "$(TARGET_NAME)";
			};
			name = Debug;
		};
		D2BC56A41CEED66F001A6B5B /* Release */ = {
			isa = XCBuildConfiguration;
			buildSettings = {
				ASSETCATALOG_COMPILER_APPICON_NAME = AppIcon;
				INFOPLIST_FILE = FaceIt/Info.plist;
				LD_RUNPATH_SEARCH_PATHS = "$(inherited) @executable_path/Frameworks";
				PRODUCT_BUNDLE_IDENTIFIER = valdarin.FaceIt;
				PRODUCT_NAME = "$(TARGET_NAME)";
			};
			name = Release;
		};
/* End XCBuildConfiguration section */

/* Begin XCConfigurationList section */
		D2BC568B1CEED66F001A6B5B /* Build configuration list for PBXProject "FaceIt" */ = {
			isa = XCConfigurationList;
			buildConfigurations = (
				D2BC56A01CEED66F001A6B5B /* Debug */,
				D2BC56A11CEED66F001A6B5B /* Release */,
			);
			defaultConfigurationIsVisible = 0;
			defaultConfigurationName = Release;
		};
		D2BC56A21CEED66F001A6B5B /* Build configuration list for PBXNativeTarget "FaceIt" */ = {
			isa = XCConfigurationList;
			buildConfigurations = (
				D2BC56A31CEED66F001A6B5B /* Debug */,
				D2BC56A41CEED66F001A6B5B /* Release */,
			);
			defaultConfigurationIsVisible = 0;
			defaultConfigurationName = Release;
		};
/* End XCConfigurationList section */
	};
	rootObject = D2BC56881CEED66F001A6B5B /* Project object */;
}
